Microsoft Visual Studio Solution File, Format Version 12.00
# Visual Studio Version 16
VisualStudioVersion = 16.0.29613.14
MinimumVisualStudioVersion = 10.0.40219.1
Project("{2150E333-8FDC-42A3-9474-1A3956D46DE8}") = "src", "src", "{FC071C0B-A1E7-51F8-A5F1-F1BF1C80C681}"
EndProject
Project("{8BC9CEB8-8B4A-11D0-8D11-00A0C91BC942}") = "ghost", "src\25a6634@@ghost@exe.vcxproj", "{41C643EE-D891-4348-8B2D-C8FAA9221F55}"
EndProject
Global
	GlobalSection(SolutionConfigurationPlatforms) = preSolution
		debug|x64 = debug|x64
		release|x64 = release|x64
	EndGlobalSection
	GlobalSection(ProjectConfigurationPlatforms) = postSolution
		{41C643EE-D891-4348-8B2D-C8FAA9221F55}.debug|x64.ActiveCfg = debug|x64
		{41C643EE-D891-4348-8B2D-C8FAA9221F55}.debug|x64.Build.0 = debug|x64
		{41C643EE-D891-4348-8B2D-C8FAA9221F55}.release|x64.ActiveCfg = release|x64
		{41C643EE-D891-4348-8B2D-C8FAA9221F55}.release|x64.Build.0 = release|x64
	EndGlobalSection
	GlobalSection(SolutionProperties) = preSolution
		HideSolutionNode = FALSE
	EndGlobalSection
	GlobalSection(NestedProjects) = preSolution
		{41C643EE-D891-4348-8B2D-C8FAA9221F55} = {FC071C0B-A1E7-51F8-A5F1-F1BF1C80C681}
	EndGlobalSection
	GlobalSection(ExtensibilityGlobals) = postSolution
		SolutionGuid = {1DCD6761-CE65-420F-AB00-AB19EE68449A}
	EndGlobalSection
EndGlobal
