<?xml version="1.0" encoding="utf-8"?>
<Project ToolsVersion="4.0" xmlns="http://schemas.microsoft.com/developer/msbuild/2003">
  <ItemGroup>
    <Filter Include="Source Files">
      <UniqueIdentifier>{ca7629cc-9a5a-4168-ad72-7aafd30cbcc0}</UniqueIdentifier>
      <Extensions>cpp;c;cxx;rc;def;r;odl;idl;hpj;bat</Extensions>
    </Filter>
    <Filter Include="Source Files\pklib">
      <UniqueIdentifier>{79f93f1c-757f-44dc-aba4-1c993b535ab5}</UniqueIdentifier>
    </Filter>
    <Filter Include="Source Files\zlib">
      <UniqueIdentifier>{12b71b5b-525c-43a8-84f7-89e92eee4d57}</UniqueIdentifier>
    </Filter>
    <Filter Include="Source Files\huffman">
      <UniqueIdentifier>{aa0881a3-f7a1-4e44-a688-69df0e843ac6}</UniqueIdentifier>
    </Filter>
    <Filter Include="Source Files\wave">
      <UniqueIdentifier>{8d67826f-2e52-4b2b-bc0e-126e2d293859}</UniqueIdentifier>
    </Filter>
    <Filter Include="Source Files\bzip2">
      <UniqueIdentifier>{1c22b402-8927-432d-a8ad-5bc82943a32d}</UniqueIdentifier>
    </Filter>
    <Filter Include="Source Files\misc">
      <UniqueIdentifier>{a8f2a14e-42cc-4394-b264-5c0b531b7ecf}</UniqueIdentifier>
    </Filter>
    <Filter Include="Header Files">
      <UniqueIdentifier>{615f5c55-9784-4fb5-88a7-e6a29e5415d2}</UniqueIdentifier>
    </Filter>
    <Filter Include="Doc Files">
      <UniqueIdentifier>{7d94f3e2-6cb4-4d02-af38-e5de362167be}</UniqueIdentifier>
    </Filter>
  </ItemGroup>
  <ItemGroup>
    <ClCompile Include="stormlib\SAttrFile.cpp">
      <Filter>Source Files</Filter>
    </ClCompile>
    <ClCompile Include="stormlib\SCommon.cpp">
      <Filter>Source Files</Filter>
    </ClCompile>
    <ClCompile Include="stormlib\SCompression.cpp">
      <Filter>Source Files</Filter>
    </ClCompile>
    <ClCompile Include="stormlib\SFileCompactArchive.cpp">
      <Filter>Source Files</Filter>
    </ClCompile>
    <ClCompile Include="stormlib\SFileCreateArchiveEx.cpp">
      <Filter>Source Files</Filter>
    </ClCompile>
    <ClCompile Include="stormlib\SFileExtractFile.cpp">
      <Filter>Source Files</Filter>
    </ClCompile>
    <ClCompile Include="stormlib\SFileFindFile.cpp">
      <Filter>Source Files</Filter>
    </ClCompile>
    <ClCompile Include="stormlib\SFileOpenArchive.cpp">
      <Filter>Source Files</Filter>
    </ClCompile>
    <ClCompile Include="stormlib\SFileOpenFileEx.cpp">
      <Filter>Source Files</Filter>
    </ClCompile>
    <ClCompile Include="stormlib\SFileReadFile.cpp">
      <Filter>Source Files</Filter>
    </ClCompile>
    <ClCompile Include="stormlib\SListFile.cpp">
      <Filter>Source Files</Filter>
    </ClCompile>
    <ClCompile Include="stormlib\StormPortLinux.cpp">
      <Filter>Source Files</Filter>
    </ClCompile>
    <ClCompile Include="stormlib\StormPortMac.cpp">
      <Filter>Source Files</Filter>
    </ClCompile>
    <ClCompile Include="stormlib\pklib\explode.c">
      <Filter>Source Files\pklib</Filter>
    </ClCompile>
    <ClCompile Include="stormlib\pklib\implode.c">
      <Filter>Source Files\pklib</Filter>
    </ClCompile>
    <ClCompile Include="stormlib\huffman\huff.cpp">
      <Filter>Source Files\huffman</Filter>
    </ClCompile>
    <ClCompile Include="stormlib\wave\wave.cpp">
      <Filter>Source Files\wave</Filter>
    </ClCompile>
    <ClCompile Include="stormlib\bzip2\blocksort.c">
      <Filter>Source Files\bzip2</Filter>
    </ClCompile>
    <ClCompile Include="stormlib\bzip2\bzlib.c">
      <Filter>Source Files\bzip2</Filter>
    </ClCompile>
    <ClCompile Include="stormlib\bzip2\compress.c">
      <Filter>Source Files\bzip2</Filter>
    </ClCompile>
    <ClCompile Include="stormlib\bzip2\crctable.c">
      <Filter>Source Files\bzip2</Filter>
    </ClCompile>
    <ClCompile Include="stormlib\bzip2\decompress.c">
      <Filter>Source Files\bzip2</Filter>
    </ClCompile>
    <ClCompile Include="stormlib\bzip2\huffman.c">
      <Filter>Source Files\bzip2</Filter>
    </ClCompile>
    <ClCompile Include="stormlib\bzip2\randtable.c">
      <Filter>Source Files\bzip2</Filter>
    </ClCompile>
    <ClCompile Include="stormlib\misc\crc32.cpp">
      <Filter>Source Files\misc</Filter>
    </ClCompile>
    <ClCompile Include="stormlib\misc\md5.cpp">
      <Filter>Source Files\misc</Filter>
    </ClCompile>
  </ItemGroup>
  <ItemGroup>
    <ClInclude Include="stormlib\pklib\pklib.h">
      <Filter>Source Files\pklib</Filter>
    </ClInclude>
    <ClInclude Include="stormlib\zlib\zconf.h">
      <Filter>Source Files\zlib</Filter>
    </ClInclude>
    <ClInclude Include="stormlib\zlib\zutil.h">
      <Filter>Source Files\zlib</Filter>
    </ClInclude>
    <ClInclude Include="stormlib\huffman\huff.h">
      <Filter>Source Files\huffman</Filter>
    </ClInclude>
    <ClInclude Include="stormlib\wave\wave.h">
      <Filter>Source Files\wave</Filter>
    </ClInclude>
    <ClInclude Include="stormlib\bzip2\bzlib.h">
      <Filter>Source Files\bzip2</Filter>
    </ClInclude>
    <ClInclude Include="stormlib\SCommon.h">
      <Filter>Header Files</Filter>
    </ClInclude>
    <ClInclude Include="stormlib\StormLib.h">
      <Filter>Header Files</Filter>
    </ClInclude>
    <ClInclude Include="stormlib\StormPort.h">
      <Filter>Header Files</Filter>
    </ClInclude>
  </ItemGroup>
  <ItemGroup>
    <Text Include="doc\History.txt">
      <Filter>Doc Files</Filter>
    </Text>
    <Text Include="doc\The MoPaQ File Format 0.9.txt">
      <Filter>Doc Files</Filter>
    </Text>
    <Text Include="doc\The MoPaQ File Format 1.0.txt">
      <Filter>Doc Files</Filter>
    </Text>
  </ItemGroup>
</Project>